
Microsoft Visual Studio Solution File, Format Version 12.00
# Visual Studio Version 17
VisualStudioVersion = 17.2.32505.173
MinimumVisualStudioVersion = 10.0.40219.1
Project("{FAE04EC0-301F-11D3-BF4B-00C04F79EFBC}") = "lb6", "lb6\lb6.csproj", "{72556E33-37F9-44EB-A7ED-7BF876E45026}"
EndProject
Global
	GlobalSection(SolutionConfigurationPlatforms) = preSolution
		Debug|Any CPU = Debug|Any CPU
		Release|Any CPU = Release|Any CPU
	EndGlobalSection
	GlobalSection(ProjectConfigurationPlatforms) = postSolution
		{72556E33-37F9-44EB-A7ED-7BF876E45026}.Debug|Any CPU.ActiveCfg = Debug|Any CPU
		{72556E33-37F9-44EB-A7ED-7BF876E45026}.Debug|Any CPU.Build.0 = Debug|Any CPU
		{72556E33-37F9-44EB-A7ED-7BF876E45026}.Release|Any CPU.ActiveCfg = Release|Any CPU
		{72556E33-37F9-44EB-A7ED-7BF876E45026}.Release|Any CPU.Build.0 = Release|Any CPU
	EndGlobalSection
	GlobalSection(SolutionProperties) = preSolution
		HideSolutionNode = FALSE
	EndGlobalSection
	GlobalSection(ExtensibilityGlobals) = postSolution
		SolutionGuid = {060AF6A7-652E-4CBB-85F1-1509B52F1DED}
	EndGlobalSection
EndGlobal
